// !$*UTF8*$!
{
	archiveVersion = 1;
	classes = {
	};
	objectVersion = 56;
	objects = {

/* Begin PBXBuildFile section */
		FF4913DB28F5CC50005F2D92 /* APICaller.swift in Sources */ = {isa = PBXBuildFile; fileRef = FF4913DA28F5CC50005F2D92 /* APICaller.swift */; };
		FF4913DD28F5D2E5005F2D92 /* Title.swift in Sources */ = {isa = PBXBuildFile; fileRef = FF4913DC28F5D2E5005F2D92 /* Title.swift */; };
		FF4913DF28F5D5E8005F2D92 /* Extensions.swift in Sources */ = {isa = PBXBuildFile; fileRef = FF4913DE28F5D5E8005F2D92 /* Extensions.swift */; };
		FF4913E328F8365A005F2D92 /* TitleCollectionViewCell.swift in Sources */ = {isa = PBXBuildFile; fileRef = FF4913E228F8365A005F2D92 /* TitleCollectionViewCell.swift */; };
		FF4913E628F8383B005F2D92 /* SDWebImage in Frameworks */ = {isa = PBXBuildFile; productRef = FF4913E528F8383B005F2D92 /* SDWebImage */; };
		FF4913E828F8383B005F2D92 /* SDWebImageMapKit in Frameworks */ = {isa = PBXBuildFile; productRef = FF4913E728F8383B005F2D92 /* SDWebImageMapKit */; };
		FF8A1F5B28F9B94100F9460C /* TitleTableViewCell.swift in Sources */ = {isa = PBXBuildFile; fileRef = FF8A1F5A28F9B94100F9460C /* TitleTableViewCell.swift */; };
		FF8A1F5D28F9BB3800F9460C /* TitleViewModel.swift in Sources */ = {isa = PBXBuildFile; fileRef = FF8A1F5C28F9BB3800F9460C /* TitleViewModel.swift */; };
		FF95F90429018E9100FA4E77 /* SearchResultsViewController.swift in Sources */ = {isa = PBXBuildFile; fileRef = FF95F90329018E9100FA4E77 /* SearchResultsViewController.swift */; };
		FFECA24528F4626A00FC11B9 /* AppDelegate.swift in Sources */ = {isa = PBXBuildFile; fileRef = FFECA24428F4626A00FC11B9 /* AppDelegate.swift */; };
		FFECA24728F4626A00FC11B9 /* SceneDelegate.swift in Sources */ = {isa = PBXBuildFile; fileRef = FFECA24628F4626A00FC11B9 /* SceneDelegate.swift */; };
		FFECA24928F4626A00FC11B9 /* MainTabBarViewController.swift in Sources */ = {isa = PBXBuildFile; fileRef = FFECA24828F4626A00FC11B9 /* MainTabBarViewController.swift */; };
		FFECA24E28F4626B00FC11B9 /* Assets.xcassets in Resources */ = {isa = PBXBuildFile; fileRef = FFECA24D28F4626B00FC11B9 /* Assets.xcassets */; };
		FFECA25128F4626B00FC11B9 /* LaunchScreen.storyboard in Resources */ = {isa = PBXBuildFile; fileRef = FFECA24F28F4626B00FC11B9 /* LaunchScreen.storyboard */; };
		FFECA25A28F4641500FC11B9 /* HomeViewController.swift in Sources */ = {isa = PBXBuildFile; fileRef = FFECA25928F4641500FC11B9 /* HomeViewController.swift */; };
		FFECA25C28F4643400FC11B9 /* UpcomingViewController.swift in Sources */ = {isa = PBXBuildFile; fileRef = FFECA25B28F4643400FC11B9 /* UpcomingViewController.swift */; };
		FFECA25E28F4644B00FC11B9 /* SearchViewController.swift in Sources */ = {isa = PBXBuildFile; fileRef = FFECA25D28F4644B00FC11B9 /* SearchViewController.swift */; };
		FFECA26028F4646700FC11B9 /* DownloadsViewController.swift in Sources */ = {isa = PBXBuildFile; fileRef = FFECA25F28F4646700FC11B9 /* DownloadsViewController.swift */; };
		FFECA26728F46AE900FC11B9 /* CollectionViewTableViewCell.swift in Sources */ = {isa = PBXBuildFile; fileRef = FFECA26628F46AE900FC11B9 /* CollectionViewTableViewCell.swift */; };
		FFECA26928F46FBE00FC11B9 /* HeroHeaderUIView.swift in Sources */ = {isa = PBXBuildFile; fileRef = FFECA26828F46FBE00FC11B9 /* HeroHeaderUIView.swift */; };
/* End PBXBuildFile section */

/* Begin PBXFileReference section */
		FF4913DA28F5CC50005F2D92 /* APICaller.swift */ = {isa = PBXFileReference; lastKnownFileType = sourcecode.swift; path = APICaller.swift; sourceTree = "<group>"; };
		FF4913DC28F5D2E5005F2D92 /* Title.swift */ = {isa = PBXFileReference; lastKnownFileType = sourcecode.swift; path = Title.swift; sourceTree = "<group>"; };
		FF4913DE28F5D5E8005F2D92 /* Extensions.swift */ = {isa = PBXFileReference; lastKnownFileType = sourcecode.swift; path = Extensions.swift; sourceTree = "<group>"; };
		FF4913E228F8365A005F2D92 /* TitleCollectionViewCell.swift */ = {isa = PBXFileReference; lastKnownFileType = sourcecode.swift; path = TitleCollectionViewCell.swift; sourceTree = "<group>"; };
		FF8A1F5A28F9B94100F9460C /* TitleTableViewCell.swift */ = {isa = PBXFileReference; lastKnownFileType = sourcecode.swift; path = TitleTableViewCell.swift; sourceTree = "<group>"; };
		FF8A1F5C28F9BB3800F9460C /* TitleViewModel.swift */ = {isa = PBXFileReference; lastKnownFileType = sourcecode.swift; path = TitleViewModel.swift; sourceTree = "<group>"; };
		FF95F90329018E9100FA4E77 /* SearchResultsViewController.swift */ = {isa = PBXFileReference; lastKnownFileType = sourcecode.swift; path = SearchResultsViewController.swift; sourceTree = "<group>"; };
		FFECA24128F4626A00FC11B9 /* Netflix Clone.app */ = {isa = PBXFileReference; explicitFileType = wrapper.application; includeInIndex = 0; path = "Netflix Clone.app"; sourceTree = BUILT_PRODUCTS_DIR; };
		FFECA24428F4626A00FC11B9 /* AppDelegate.swift */ = {isa = PBXFileReference; lastKnownFileType = sourcecode.swift; path = AppDelegate.swift; sourceTree = "<group>"; };
		FFECA24628F4626A00FC11B9 /* SceneDelegate.swift */ = {isa = PBXFileReference; lastKnownFileType = sourcecode.swift; path = SceneDelegate.swift; sourceTree = "<group>"; };
		FFECA24828F4626A00FC11B9 /* MainTabBarViewController.swift */ = {isa = PBXFileReference; lastKnownFileType = sourcecode.swift; path = MainTabBarViewController.swift; sourceTree = "<group>"; };
		FFECA24D28F4626B00FC11B9 /* Assets.xcassets */ = {isa = PBXFileReference; lastKnownFileType = folder.assetcatalog; path = Assets.xcassets; sourceTree = "<group>"; };
		FFECA25028F4626B00FC11B9 /* Base */ = {isa = PBXFileReference; lastKnownFileType = file.storyboard; name = Base; path = Base.lproj/LaunchScreen.storyboard; sourceTree = "<group>"; };
		FFECA25228F4626B00FC11B9 /* Info.plist */ = {isa = PBXFileReference; lastKnownFileType = text.plist.xml; path = Info.plist; sourceTree = "<group>"; };
		FFECA25928F4641500FC11B9 /* HomeViewController.swift */ = {isa = PBXFileReference; lastKnownFileType = sourcecode.swift; path = HomeViewController.swift; sourceTree = "<group>"; };
		FFECA25B28F4643400FC11B9 /* UpcomingViewController.swift */ = {isa = PBXFileReference; lastKnownFileType = sourcecode.swift; path = UpcomingViewController.swift; sourceTree = "<group>"; };
		FFECA25D28F4644B00FC11B9 /* SearchViewController.swift */ = {isa = PBXFileReference; lastKnownFileType = sourcecode.swift; path = SearchViewController.swift; sourceTree = "<group>"; };
		FFECA25F28F4646700FC11B9 /* DownloadsViewController.swift */ = {isa = PBXFileReference; lastKnownFileType = sourcecode.swift; path = DownloadsViewController.swift; sourceTree = "<group>"; };
		FFECA26628F46AE900FC11B9 /* CollectionViewTableViewCell.swift */ = {isa = PBXFileReference; lastKnownFileType = sourcecode.swift; path = CollectionViewTableViewCell.swift; sourceTree = "<group>"; };
		FFECA26828F46FBE00FC11B9 /* HeroHeaderUIView.swift */ = {isa = PBXFileReference; lastKnownFileType = sourcecode.swift; path = HeroHeaderUIView.swift; sourceTree = "<group>"; };
/* End PBXFileReference section */

/* Begin PBXFrameworksBuildPhase section */
		FFECA23E28F4626A00FC11B9 /* Frameworks */ = {
			isa = PBXFrameworksBuildPhase;
			buildActionMask = 2147483647;
			files = (
				FF4913E828F8383B005F2D92 /* SDWebImageMapKit in Frameworks */,
				FF4913E628F8383B005F2D92 /* SDWebImage in Frameworks */,
			);
			runOnlyForDeploymentPostprocessing = 0;
		};
/* End PBXFrameworksBuildPhase section */

/* Begin PBXGroup section */
		FF95F90529018EB500FA4E77 /* Core */ = {
			isa = PBXGroup;
			children = (
				FFECA25928F4641500FC11B9 /* HomeViewController.swift */,
				FFECA25B28F4643400FC11B9 /* UpcomingViewController.swift */,
				FFECA25D28F4644B00FC11B9 /* SearchViewController.swift */,
				FFECA25F28F4646700FC11B9 /* DownloadsViewController.swift */,
			);
			path = Core;
			sourceTree = "<group>";
		};
		FF95F90629018EC400FA4E77 /* General */ = {
			isa = PBXGroup;
			children = (
				FF95F90329018E9100FA4E77 /* SearchResultsViewController.swift */,
			);
			path = General;
			sourceTree = "<group>";
		};
		FFECA23828F4626A00FC11B9 = {
			isa = PBXGroup;
			children = (
				FFECA24328F4626A00FC11B9 /* Netflix Clone */,
				FFECA24228F4626A00FC11B9 /* Products */,
			);
			sourceTree = "<group>";
		};
		FFECA24228F4626A00FC11B9 /* Products */ = {
			isa = PBXGroup;
			children = (
				FFECA24128F4626A00FC11B9 /* Netflix Clone.app */,
			);
			name = Products;
			sourceTree = "<group>";
		};
		FFECA24328F4626A00FC11B9 /* Netflix Clone */ = {
			isa = PBXGroup;
			children = (
				FFECA26528F46AC300FC11B9 /* Managers */,
				FFECA26428F46ABC00FC11B9 /* Resources */,
				FFECA26328F46AA000FC11B9 /* Models */,
				FFECA26228F46A9500FC11B9 /* ViewModels */,
				FFECA26128F46A9000FC11B9 /* Views */,
				FFECA25828F463ED00FC11B9 /* Controllers */,
				FFECA24428F4626A00FC11B9 /* AppDelegate.swift */,
				FFECA24628F4626A00FC11B9 /* SceneDelegate.swift */,
				FFECA24828F4626A00FC11B9 /* MainTabBarViewController.swift */,
				FFECA24D28F4626B00FC11B9 /* Assets.xcassets */,
				FFECA24F28F4626B00FC11B9 /* LaunchScreen.storyboard */,
				FFECA25228F4626B00FC11B9 /* Info.plist */,
			);
			path = "Netflix Clone";
			sourceTree = "<group>";
		};
		FFECA25828F463ED00FC11B9 /* Controllers */ = {
			isa = PBXGroup;
			children = (
				FF95F90629018EC400FA4E77 /* General */,
				FF95F90529018EB500FA4E77 /* Core */,
			);
			path = Controllers;
			sourceTree = "<group>";
		};
		FFECA26128F46A9000FC11B9 /* Views */ = {
			isa = PBXGroup;
			children = (
				FFECA26628F46AE900FC11B9 /* CollectionViewTableViewCell.swift */,
				FFECA26828F46FBE00FC11B9 /* HeroHeaderUIView.swift */,
				FF4913E228F8365A005F2D92 /* TitleCollectionViewCell.swift */,
				FF8A1F5A28F9B94100F9460C /* TitleTableViewCell.swift */,
			);
			path = Views;
			sourceTree = "<group>";
		};
		FFECA26228F46A9500FC11B9 /* ViewModels */ = {
			isa = PBXGroup;
			children = (
				FF8A1F5C28F9BB3800F9460C /* TitleViewModel.swift */,
			);
			path = ViewModels;
			sourceTree = "<group>";
		};
		FFECA26328F46AA000FC11B9 /* Models */ = {
			isa = PBXGroup;
			children = (
				FF4913DC28F5D2E5005F2D92 /* Title.swift */,
			);
			path = Models;
			sourceTree = "<group>";
		};
		FFECA26428F46ABC00FC11B9 /* Resources */ = {
			isa = PBXGroup;
			children = (
				FF4913DE28F5D5E8005F2D92 /* Extensions.swift */,
			);
			path = Resources;
			sourceTree = "<group>";
		};
		FFECA26528F46AC300FC11B9 /* Managers */ = {
			isa = PBXGroup;
			children = (
				FF4913DA28F5CC50005F2D92 /* APICaller.swift */,
			);
			path = Managers;
			sourceTree = "<group>";
		};
/* End PBXGroup section */

/* Begin PBXNativeTarget section */
		FFECA24028F4626A00FC11B9 /* Netflix Clone */ = {
			isa = PBXNativeTarget;
			buildConfigurationList = FFECA25528F4626B00FC11B9 /* Build configuration list for PBXNativeTarget "Netflix Clone" */;
			buildPhases = (
				FFECA23D28F4626A00FC11B9 /* Sources */,
				FFECA23E28F4626A00FC11B9 /* Frameworks */,
				FFECA23F28F4626A00FC11B9 /* Resources */,
				FF95F9082902C8FC00FA4E77 /* ShellScript */,
			);
			buildRules = (
			);
			dependencies = (
			);
			name = "Netflix Clone";
			packageProductDependencies = (
				FF4913E528F8383B005F2D92 /* SDWebImage */,
				FF4913E728F8383B005F2D92 /* SDWebImageMapKit */,
			);
			productName = "Netflix Clone";
			productReference = FFECA24128F4626A00FC11B9 /* Netflix Clone.app */;
			productType = "com.apple.product-type.application";
		};
/* End PBXNativeTarget section */

/* Begin PBXProject section */
		FFECA23928F4626A00FC11B9 /* Project object */ = {
			isa = PBXProject;
			attributes = {
				BuildIndependentTargetsInParallel = 1;
				LastSwiftUpdateCheck = 1400;
				LastUpgradeCheck = 1400;
				TargetAttributes = {
					FFECA24028F4626A00FC11B9 = {
						CreatedOnToolsVersion = 14.0.1;
					};
				};
			};
			buildConfigurationList = FFECA23C28F4626A00FC11B9 /* Build configuration list for PBXProject "Netflix Clone" */;
			compatibilityVersion = "Xcode 14.0";
			developmentRegion = en;
			hasScannedForEncodings = 0;
			knownRegions = (
				en,
				Base,
			);
			mainGroup = FFECA23828F4626A00FC11B9;
			packageReferences = (
				FF4913E428F8383B005F2D92 /* XCRemoteSwiftPackageReference "SDWebImage" */,
			);
			productRefGroup = FFECA24228F4626A00FC11B9 /* Products */;
			projectDirPath = "";
			projectRoot = "";
			targets = (
				FFECA24028F4626A00FC11B9 /* Netflix Clone */,
			);
		};
/* End PBXProject section */

/* Begin PBXResourcesBuildPhase section */
		FFECA23F28F4626A00FC11B9 /* Resources */ = {
			isa = PBXResourcesBuildPhase;
			buildActionMask = 2147483647;
			files = (
				FFECA25128F4626B00FC11B9 /* LaunchScreen.storyboard in Resources */,
				FFECA24E28F4626B00FC11B9 /* Assets.xcassets in Resources */,
			);
			runOnlyForDeploymentPostprocessing = 0;
		};
/* End PBXResourcesBuildPhase section */

/* Begin PBXShellScriptBuildPhase section */
		FF95F9082902C8FC00FA4E77 /* ShellScript */ = {
			isa = PBXShellScriptBuildPhase;
			buildActionMask = 2147483647;
			files = (
			);
			inputFileListPaths = (
			);
			inputPaths = (
			);
			outputFileListPaths = (
			);
			outputPaths = (
			);
			runOnlyForDeploymentPostprocessing = 0;
			shellPath = /bin/sh;
			shellScript = "
";
		};
/* End PBXShellScriptBuildPhase section */

/* Begin PBXSourcesBuildPhase section */
		FFECA23D28F4626A00FC11B9 /* Sources */ = {
			isa = PBXSourcesBuildPhase;
			buildActionMask = 2147483647;
			files = (
				FF8A1F5B28F9B94100F9460C /* TitleTableViewCell.swift in Sources */,
				FFECA25E28F4644B00FC11B9 /* SearchViewController.swift in Sources */,
				FF4913E328F8365A005F2D92 /* TitleCollectionViewCell.swift in Sources */,
				FFECA24928F4626A00FC11B9 /* MainTabBarViewController.swift in Sources */,
				FFECA26728F46AE900FC11B9 /* CollectionViewTableViewCell.swift in Sources */,
				FF4913DB28F5CC50005F2D92 /* APICaller.swift in Sources */,
				FFECA26928F46FBE00FC11B9 /* HeroHeaderUIView.swift in Sources */,
				FFECA26028F4646700FC11B9 /* DownloadsViewController.swift in Sources */,
				FFECA24528F4626A00FC11B9 /* AppDelegate.swift in Sources */,
				FF95F90429018E9100FA4E77 /* SearchResultsViewController.swift in Sources */,
				FF4913DF28F5D5E8005F2D92 /* Extensions.swift in Sources */,
				FFECA24728F4626A00FC11B9 /* SceneDelegate.swift in Sources */,
				FFECA25C28F4643400FC11B9 /* UpcomingViewController.swift in Sources */,
				FF4913DD28F5D2E5005F2D92 /* Title.swift in Sources */,
				FFECA25A28F4641500FC11B9 /* HomeViewController.swift in Sources */,
				FF8A1F5D28F9BB3800F9460C /* TitleViewModel.swift in Sources */,
			);
			runOnlyForDeploymentPostprocessing = 0;
		};
/* End PBXSourcesBuildPhase section */

/* Begin PBXVariantGroup section */
		FFECA24F28F4626B00FC11B9 /* LaunchScreen.storyboard */ = {
			isa = PBXVariantGroup;
			children = (
				FFECA25028F4626B00FC11B9 /* Base */,
			);
			name = LaunchScreen.storyboard;
			sourceTree = "<group>";
		};
/* End PBXVariantGroup section */

/* Begin XCBuildConfiguration section */
		FFECA25328F4626B00FC11B9 /* Debug */ = {
			isa = XCBuildConfiguration;
			buildSettings = {
				ALWAYS_SEARCH_USER_PATHS = NO;
				CLANG_ANALYZER_NONNULL = YES;
				CLANG_ANALYZER_NUMBER_OBJECT_CONVERSION = YES_AGGRESSIVE;
				CLANG_CXX_LANGUAGE_STANDARD = "gnu++20";
				CLANG_ENABLE_MODULES = YES;
				CLANG_ENABLE_OBJC_ARC = YES;
				CLANG_ENABLE_OBJC_WEAK = YES;
				CLANG_WARN_BLOCK_CAPTURE_AUTORELEASING = YES;
				CLANG_WARN_BOOL_CONVERSION = YES;
				CLANG_WARN_COMMA = YES;
				CLANG_WARN_CONSTANT_CONVERSION = YES;
				CLANG_WARN_DEPRECATED_OBJC_IMPLEMENTATIONS = YES;
				CLANG_WARN_DIRECT_OBJC_ISA_USAGE = YES_ERROR;
				CLANG_WARN_DOCUMENTATION_COMMENTS = YES;
				CLANG_WARN_EMPTY_BODY = YES;
				CLANG_WARN_ENUM_CONVERSION = YES;
				CLANG_WARN_INFINITE_RECURSION = YES;
				CLANG_WARN_INT_CONVERSION = YES;
				CLANG_WARN_NON_LITERAL_NULL_CONVERSION = YES;
				CLANG_WARN_OBJC_IMPLICIT_RETAIN_SELF = YES;
				CLANG_WARN_OBJC_LITERAL_CONVERSION = YES;
				CLANG_WARN_OBJC_ROOT_CLASS = YES_ERROR;
				CLANG_WARN_QUOTED_INCLUDE_IN_FRAMEWORK_HEADER = YES;
				CLANG_WARN_RANGE_LOOP_ANALYSIS = YES;
				CLANG_WARN_STRICT_PROTOTYPES = YES;
				CLANG_WARN_SUSPICIOUS_MOVE = YES;
				CLANG_WARN_UNGUARDED_AVAILABILITY = YES_AGGRESSIVE;
				CLANG_WARN_UNREACHABLE_CODE = YES;
				CLANG_WARN__DUPLICATE_METHOD_MATCH = YES;
				COPY_PHASE_STRIP = NO;
				DEBUG_INFORMATION_FORMAT = dwarf;
				ENABLE_STRICT_OBJC_MSGSEND = YES;
				ENABLE_TESTABILITY = YES;
				GCC_C_LANGUAGE_STANDARD = gnu11;
				GCC_DYNAMIC_NO_PIC = NO;
				GCC_NO_COMMON_BLOCKS = YES;
				GCC_OPTIMIZATION_LEVEL = 0;
				GCC_PREPROCESSOR_DEFINITIONS = (
					"DEBUG=1",
					"$(inherited)",
				);
				GCC_WARN_64_TO_32_BIT_CONVERSION = YES;
				GCC_WARN_ABOUT_RETURN_TYPE = YES_ERROR;
				GCC_WARN_UNDECLARED_SELECTOR = YES;
				GCC_WARN_UNINITIALIZED_AUTOS = YES_AGGRESSIVE;
				GCC_WARN_UNUSED_FUNCTION = YES;
				GCC_WARN_UNUSED_VARIABLE = YES;
				IPHONEOS_DEPLOYMENT_TARGET = 16.0;
				MTL_ENABLE_DEBUG_INFO = INCLUDE_SOURCE;
				MTL_FAST_MATH = YES;
				ONLY_ACTIVE_ARCH = YES;
				SDKROOT = iphoneos;
				SWIFT_ACTIVE_COMPILATION_CONDITIONS = DEBUG;
				SWIFT_OPTIMIZATION_LEVEL = "-Onone";
			};
			name = Debug;
		};
		FFECA25428F4626B00FC11B9 /* Release */ = {
			isa = XCBuildConfiguration;
			buildSettings = {
				ALWAYS_SEARCH_USER_PATHS = NO;
				CLANG_ANALYZER_NONNULL = YES;
				CLANG_ANALYZER_NUMBER_OBJECT_CONVERSION = YES_AGGRESSIVE;
				CLANG_CXX_LANGUAGE_STANDARD = "gnu++20";
				CLANG_ENABLE_MODULES = YES;
				CLANG_ENABLE_OBJC_ARC = YES;
				CLANG_ENABLE_OBJC_WEAK = YES;
				CLANG_WARN_BLOCK_CAPTURE_AUTORELEASING = YES;
				CLANG_WARN_BOOL_CONVERSION = YES;
				CLANG_WARN_COMMA = YES;
				CLANG_WARN_CONSTANT_CONVERSION = YES;
				CLANG_WARN_DEPRECATED_OBJC_IMPLEMENTATIONS = YES;
				CLANG_WARN_DIRECT_OBJC_ISA_USAGE = YES_ERROR;
				CLANG_WARN_DOCUMENTATION_COMMENTS = YES;
				CLANG_WARN_EMPTY_BODY = YES;
				CLANG_WARN_ENUM_CONVERSION = YES;
				CLANG_WARN_INFINITE_RECURSION = YES;
				CLANG_WARN_INT_CONVERSION = YES;
				CLANG_WARN_NON_LITERAL_NULL_CONVERSION = YES;
				CLANG_WARN_OBJC_IMPLICIT_RETAIN_SELF = YES;
				CLANG_WARN_OBJC_LITERAL_CONVERSION = YES;
				CLANG_WARN_OBJC_ROOT_CLASS = YES_ERROR;
				CLANG_WARN_QUOTED_INCLUDE_IN_FRAMEWORK_HEADER = YES;
				CLANG_WARN_RANGE_LOOP_ANALYSIS = YES;
				CLANG_WARN_STRICT_PROTOTYPES = YES;
				CLANG_WARN_SUSPICIOUS_MOVE = YES;
				CLANG_WARN_UNGUARDED_AVAILABILITY = YES_AGGRESSIVE;
				CLANG_WARN_UNREACHABLE_CODE = YES;
				CLANG_WARN__DUPLICATE_METHOD_MATCH = YES;
				COPY_PHASE_STRIP = NO;
				DEBUG_INFORMATION_FORMAT = "dwarf-with-dsym";
				ENABLE_NS_ASSERTIONS = NO;
				ENABLE_STRICT_OBJC_MSGSEND = YES;
				GCC_C_LANGUAGE_STANDARD = gnu11;
				GCC_NO_COMMON_BLOCKS = YES;
				GCC_WARN_64_TO_32_BIT_CONVERSION = YES;
				GCC_WARN_ABOUT_RETURN_TYPE = YES_ERROR;
				GCC_WARN_UNDECLARED_SELECTOR = YES;
				GCC_WARN_UNINITIALIZED_AUTOS = YES_AGGRESSIVE;
				GCC_WARN_UNUSED_FUNCTION = YES;
				GCC_WARN_UNUSED_VARIABLE = YES;
				IPHONEOS_DEPLOYMENT_TARGET = 16.0;
				MTL_ENABLE_DEBUG_INFO = NO;
				MTL_FAST_MATH = YES;
				SDKROOT = iphoneos;
				SWIFT_COMPILATION_MODE = wholemodule;
				SWIFT_OPTIMIZATION_LEVEL = "-O";
				VALIDATE_PRODUCT = YES;
			};
			name = Release;
		};
		FFECA25628F4626B00FC11B9 /* Debug */ = {
			isa = XCBuildConfiguration;
			buildSettings = {
				ASSETCATALOG_COMPILER_APPICON_NAME = AppIcon;
				ASSETCATALOG_COMPILER_GLOBAL_ACCENT_COLOR_NAME = AccentColor;
				CODE_SIGN_STYLE = Automatic;
				CURRENT_PROJECT_VERSION = 1;
				DEVELOPMENT_TEAM = 8BB94GY59F;
				GENERATE_INFOPLIST_FILE = YES;
				INFOPLIST_FILE = "Netflix Clone/Info.plist";
				INFOPLIST_KEY_UIApplicationSupportsIndirectInputEvents = YES;
				INFOPLIST_KEY_UILaunchStoryboardName = LaunchScreen;
				INFOPLIST_KEY_UISupportedInterfaceOrientations_iPad = "UIInterfaceOrientationPortrait UIInterfaceOrientationPortraitUpsideDown UIInterfaceOrientationLandscapeLeft UIInterfaceOrientationLandscapeRight";
				INFOPLIST_KEY_UISupportedInterfaceOrientations_iPhone = "UIInterfaceOrientationPortrait UIInterfaceOrientationLandscapeLeft UIInterfaceOrientationLandscapeRight";
				LD_RUNPATH_SEARCH_PATHS = (
					"$(inherited)",
					"@executable_path/Frameworks",
				);
				MARKETING_VERSION = 1.0;
				PRODUCT_BUNDLE_IDENTIFIER = "com.DmitriiSkvortsov.Netflix-Clone";
				PRODUCT_NAME = "$(TARGET_NAME)";
				SWIFT_EMIT_LOC_STRINGS = YES;
				SWIFT_VERSION = 5.0;
				TARGETED_DEVICE_FAMILY = "1,2";
			};
			name = Debug;
		};
		FFECA25728F4626B00FC11B9 /* Release */ = {
			isa = XCBuildConfiguration;
			buildSettings = {
				ASSETCATALOG_COMPILER_APPICON_NAME = AppIcon;
				ASSETCATALOG_COMPILER_GLOBAL_ACCENT_COLOR_NAME = AccentColor;
				CODE_SIGN_STYLE = Automatic;
				CURRENT_PROJECT_VERSION = 1;
				DEVELOPMENT_TEAM = 8BB94GY59F;
				GENERATE_INFOPLIST_FILE = YES;
				INFOPLIST_FILE = "Netflix Clone/Info.plist";
				INFOPLIST_KEY_UIApplicationSupportsIndirectInputEvents = YES;
				INFOPLIST_KEY_UILaunchStoryboardName = LaunchScreen;
				INFOPLIST_KEY_UISupportedInterfaceOrientations_iPad = "UIInterfaceOrientationPortrait UIInterfaceOrientationPortraitUpsideDown UIInterfaceOrientationLandscapeLeft UIInterfaceOrientationLandscapeRight";
				INFOPLIST_KEY_UISupportedInterfaceOrientations_iPhone = "UIInterfaceOrientationPortrait UIInterfaceOrientationLandscapeLeft UIInterfaceOrientationLandscapeRight";
				LD_RUNPATH_SEARCH_PATHS = (
					"$(inherited)",
					"@executable_path/Frameworks",
				);
				MARKETING_VERSION = 1.0;
				PRODUCT_BUNDLE_IDENTIFIER = "com.DmitriiSkvortsov.Netflix-Clone";
				PRODUCT_NAME = "$(TARGET_NAME)";
				SWIFT_EMIT_LOC_STRINGS = YES;
				SWIFT_VERSION = 5.0;
				TARGETED_DEVICE_FAMILY = "1,2";
			};
			name = Release;
		};
/* End XCBuildConfiguration section */

/* Begin XCConfigurationList section */
		FFECA23C28F4626A00FC11B9 /* Build configuration list for PBXProject "Netflix Clone" */ = {
			isa = XCConfigurationList;
			buildConfigurations = (
				FFECA25328F4626B00FC11B9 /* Debug */,
				FFECA25428F4626B00FC11B9 /* Release */,
			);
			defaultConfigurationIsVisible = 0;
			defaultConfigurationName = Release;
		};
		FFECA25528F4626B00FC11B9 /* Build configuration list for PBXNativeTarget "Netflix Clone" */ = {
			isa = XCConfigurationList;
			buildConfigurations = (
				FFECA25628F4626B00FC11B9 /* Debug */,
				FFECA25728F4626B00FC11B9 /* Release */,
			);
			defaultConfigurationIsVisible = 0;
			defaultConfigurationName = Release;
		};
/* End XCConfigurationList section */

/* Begin XCRemoteSwiftPackageReference section */
		FF4913E428F8383B005F2D92 /* XCRemoteSwiftPackageReference "SDWebImage" */ = {
			isa = XCRemoteSwiftPackageReference;
			repositoryURL = "https://github.com/SDWebImage/SDWebImage.git";
			requirement = {
				branch = master;
				kind = branch;
			};
		};
/* End XCRemoteSwiftPackageReference section */

/* Begin XCSwiftPackageProductDependency section */
		FF4913E528F8383B005F2D92 /* SDWebImage */ = {
			isa = XCSwiftPackageProductDependency;
			package = FF4913E428F8383B005F2D92 /* XCRemoteSwiftPackageReference "SDWebImage" */;
			productName = SDWebImage;
		};
		FF4913E728F8383B005F2D92 /* SDWebImageMapKit */ = {
			isa = XCSwiftPackageProductDependency;
			package = FF4913E428F8383B005F2D92 /* XCRemoteSwiftPackageReference "SDWebImage" */;
			productName = SDWebImageMapKit;
		};
/* End XCSwiftPackageProductDependency section */
	};
	rootObject = FFECA23928F4626A00FC11B9 /* Project object */;
}
